// !$*UTF8*$!
{
	archiveVersion = 1;
	classes = {
	};
	objectVersion = 55;
	objects = {

/* Begin PBXBuildFile section */
		68968E6029470511006C6850 /* bmiViewController.swift in Sources */ = {isa = PBXBuildFile; fileRef = 68968E5F29470511006C6850 /* bmiViewController.swift */; };
		68C86AB2292B5C5B00AE8EED /* AppDelegate.swift in Sources */ = {isa = PBXBuildFile; fileRef = 68C86AB1292B5C5B00AE8EED /* AppDelegate.swift */; };
		68C86AB4292B5C5B00AE8EED /* SceneDelegate.swift in Sources */ = {isa = PBXBuildFile; fileRef = 68C86AB3292B5C5B00AE8EED /* SceneDelegate.swift */; };
		68C86AB6292B5C5B00AE8EED /* ViewController.swift in Sources */ = {isa = PBXBuildFile; fileRef = 68C86AB5292B5C5B00AE8EED /* ViewController.swift */; };
		68C86AB9292B5C5B00AE8EED /* Main.storyboard in Resources */ = {isa = PBXBuildFile; fileRef = 68C86AB7292B5C5B00AE8EED /* Main.storyboard */; };
		68C86ABB292B5C5E00AE8EED /* Assets.xcassets in Resources */ = {isa = PBXBuildFile; fileRef = 68C86ABA292B5C5E00AE8EED /* Assets.xcassets */; };
		68C86ABE292B5C5E00AE8EED /* LaunchScreen.storyboard in Resources */ = {isa = PBXBuildFile; fileRef = 68C86ABC292B5C5E00AE8EED /* LaunchScreen.storyboard */; };
		68E00ECD293DBC7D00174A5B /* bmi.mp4 in Resources */ = {isa = PBXBuildFile; fileRef = 68E00ECC293DBC7D00174A5B /* bmi.mp4 */; };
		68E00ECF293DBE3D00174A5B /* VideoViewController.swift in Sources */ = {isa = PBXBuildFile; fileRef = 68E00ECE293DBE3D00174A5B /* VideoViewController.swift */; };
		68E00ED1293DC9E900174A5B /* WebViewController.swift in Sources */ = {isa = PBXBuildFile; fileRef = 68E00ED0293DC9E900174A5B /* WebViewController.swift */; };
/* End PBXBuildFile section */

/* Begin PBXFileReference section */
		68968E5F29470511006C6850 /* bmiViewController.swift */ = {isa = PBXFileReference; lastKnownFileType = sourcecode.swift; path = bmiViewController.swift; sourceTree = "<group>"; };
		68C86AAE292B5C5B00AE8EED /* BmiJSB.app */ = {isa = PBXFileReference; explicitFileType = wrapper.application; includeInIndex = 0; path = BmiJSB.app; sourceTree = BUILT_PRODUCTS_DIR; };
		68C86AB1292B5C5B00AE8EED /* AppDelegate.swift */ = {isa = PBXFileReference; lastKnownFileType = sourcecode.swift; path = AppDelegate.swift; sourceTree = "<group>"; };
		68C86AB3292B5C5B00AE8EED /* SceneDelegate.swift */ = {isa = PBXFileReference; lastKnownFileType = sourcecode.swift; path = SceneDelegate.swift; sourceTree = "<group>"; };
		68C86AB5292B5C5B00AE8EED /* ViewController.swift */ = {isa = PBXFileReference; lastKnownFileType = sourcecode.swift; path = ViewController.swift; sourceTree = "<group>"; };
		68C86AB8292B5C5B00AE8EED /* Base */ = {isa = PBXFileReference; lastKnownFileType = file.storyboard; name = Base; path = Base.lproj/Main.storyboard; sourceTree = "<group>"; };
		68C86ABA292B5C5E00AE8EED /* Assets.xcassets */ = {isa = PBXFileReference; lastKnownFileType = folder.assetcatalog; path = Assets.xcassets; sourceTree = "<group>"; };
		68C86ABD292B5C5E00AE8EED /* Base */ = {isa = PBXFileReference; lastKnownFileType = file.storyboard; name = Base; path = Base.lproj/LaunchScreen.storyboard; sourceTree = "<group>"; };
		68C86ABF292B5C5E00AE8EED /* Info.plist */ = {isa = PBXFileReference; lastKnownFileType = text.plist.xml; path = Info.plist; sourceTree = "<group>"; };
		68E00ECC293DBC7D00174A5B /* bmi.mp4 */ = {isa = PBXFileReference; lastKnownFileType = file; path = bmi.mp4; sourceTree = "<group>"; };
		68E00ECE293DBE3D00174A5B /* VideoViewController.swift */ = {isa = PBXFileReference; lastKnownFileType = sourcecode.swift; path = VideoViewController.swift; sourceTree = "<group>"; };
		68E00ED0293DC9E900174A5B /* WebViewController.swift */ = {isa = PBXFileReference; lastKnownFileType = sourcecode.swift; path = WebViewController.swift; sourceTree = "<group>"; };
/* End PBXFileReference section */

/* Begin PBXFrameworksBuildPhase section */
		68C86AAB292B5C5B00AE8EED /* Frameworks */ = {
			isa = PBXFrameworksBuildPhase;
			buildActionMask = 2147483647;
			files = (
			);
			runOnlyForDeploymentPostprocessing = 0;
		};
/* End PBXFrameworksBuildPhase section */

/* Begin PBXGroup section */
		68C86AA5292B5C5B00AE8EED = {
			isa = PBXGroup;
			children = (
				68C86AB0292B5C5B00AE8EED /* BmiJSB */,
				68C86AAF292B5C5B00AE8EED /* Products */,
			);
			sourceTree = "<group>";
		};
		68C86AAF292B5C5B00AE8EED /* Products */ = {
			isa = PBXGroup;
			children = (
				68C86AAE292B5C5B00AE8EED /* BmiJSB.app */,
			);
			name = Products;
			sourceTree = "<group>";
		};
		68C86AB0292B5C5B00AE8EED /* BmiJSB */ = {
			isa = PBXGroup;
			children = (
				68C86AB1292B5C5B00AE8EED /* AppDelegate.swift */,
				68C86AB3292B5C5B00AE8EED /* SceneDelegate.swift */,
				68C86AB5292B5C5B00AE8EED /* ViewController.swift */,
				68E00ECE293DBE3D00174A5B /* VideoViewController.swift */,
				68C86AB7292B5C5B00AE8EED /* Main.storyboard */,
				68968E5F29470511006C6850 /* bmiViewController.swift */,
				68E00ED0293DC9E900174A5B /* WebViewController.swift */,
				68E00ECC293DBC7D00174A5B /* bmi.mp4 */,
				68C86ABA292B5C5E00AE8EED /* Assets.xcassets */,
				68C86ABC292B5C5E00AE8EED /* LaunchScreen.storyboard */,
				68C86ABF292B5C5E00AE8EED /* Info.plist */,
			);
			path = BmiJSB;
			sourceTree = "<group>";
		};
/* End PBXGroup section */

/* Begin PBXNativeTarget section */
		68C86AAD292B5C5B00AE8EED /* BmiJSB */ = {
			isa = PBXNativeTarget;
			buildConfigurationList = 68C86AC2292B5C5E00AE8EED /* Build configuration list for PBXNativeTarget "BmiJSB" */;
			buildPhases = (
				68C86AAA292B5C5B00AE8EED /* Sources */,
				68C86AAB292B5C5B00AE8EED /* Frameworks */,
				68C86AAC292B5C5B00AE8EED /* Resources */,
			);
			buildRules = (
			);
			dependencies = (
			);
			name = BmiJSB;
			productName = BmiJSB;
			productReference = 68C86AAE292B5C5B00AE8EED /* BmiJSB.app */;
			productType = "com.apple.product-type.application";
		};
/* End PBXNativeTarget section */

/* Begin PBXProject section */
		68C86AA6292B5C5B00AE8EED /* Project object */ = {
			isa = PBXProject;
			attributes = {
				BuildIndependentTargetsInParallel = 1;
				LastSwiftUpdateCheck = 1340;
				LastUpgradeCheck = 1340;
				TargetAttributes = {
					68C86AAD292B5C5B00AE8EED = {
						CreatedOnToolsVersion = 13.4.1;
					};
				};
			};
			buildConfigurationList = 68C86AA9292B5C5B00AE8EED /* Build configuration list for PBXProject "BmiJSB" */;
			compatibilityVersion = "Xcode 13.0";
			developmentRegion = en;
			hasScannedForEncodings = 0;
			knownRegions = (
				en,
				Base,
			);
			mainGroup = 68C86AA5292B5C5B00AE8EED;
			productRefGroup = 68C86AAF292B5C5B00AE8EED /* Products */;
			projectDirPath = "";
			projectRoot = "";
			targets = (
				68C86AAD292B5C5B00AE8EED /* BmiJSB */,
			);
		};
/* End PBXProject section */

/* Begin PBXResourcesBuildPhase section */
		68C86AAC292B5C5B00AE8EED /* Resources */ = {
			isa = PBXResourcesBuildPhase;
			buildActionMask = 2147483647;
			files = (
				68E00ECD293DBC7D00174A5B /* bmi.mp4 in Resources */,
				68C86ABE292B5C5E00AE8EED /* LaunchScreen.storyboard in Resources */,
				68C86ABB292B5C5E00AE8EED /* Assets.xcassets in Resources */,
				68C86AB9292B5C5B00AE8EED /* Main.storyboard in Resources */,
			);
			runOnlyForDeploymentPostprocessing = 0;
		};
/* End PBXResourcesBuildPhase section */

/* Begin PBXSourcesBuildPhase section */
		68C86AAA292B5C5B00AE8EED /* Sources */ = {
			isa = PBXSourcesBuildPhase;
			buildActionMask = 2147483647;
			files = (
				68C86AB6292B5C5B00AE8EED /* ViewController.swift in Sources */,
				68C86AB2292B5C5B00AE8EED /* AppDelegate.swift in Sources */,
				68E00ECF293DBE3D00174A5B /* VideoViewController.swift in Sources */,
				68E00ED1293DC9E900174A5B /* WebViewController.swift in Sources */,
				68C86AB4292B5C5B00AE8EED /* SceneDelegate.swift in Sources */,
				68968E6029470511006C6850 /* bmiViewController.swift in Sources */,
			);
			runOnlyForDeploymentPostprocessing = 0;
		};
/* End PBXSourcesBuildPhase section */

/* Begin PBXVariantGroup section */
		68C86AB7292B5C5B00AE8EED /* Main.storyboard */ = {
			isa = PBXVariantGroup;
			children = (
				68C86AB8292B5C5B00AE8EED /* Base */,
			);
			name = Main.storyboard;
			sourceTree = "<group>";
		};
		68C86ABC292B5C5E00AE8EED /* LaunchScreen.storyboard */ = {
			isa = PBXVariantGroup;
			children = (
				68C86ABD292B5C5E00AE8EED /* Base */,
			);
			name = LaunchScreen.storyboard;
			sourceTree = "<group>";
		};
/* End PBXVariantGroup section */

/* Begin XCBuildConfiguration section */
		68C86AC0292B5C5E00AE8EED /* Debug */ = {
			isa = XCBuildConfiguration;
			buildSettings = {
				ALWAYS_SEARCH_USER_PATHS = NO;
				CLANG_ANALYZER_NONNULL = YES;
				CLANG_ANALYZER_NUMBER_OBJECT_CONVERSION = YES_AGGRESSIVE;
				CLANG_CXX_LANGUAGE_STANDARD = "gnu++17";
				CLANG_ENABLE_MODULES = YES;
				CLANG_ENABLE_OBJC_ARC = YES;
				CLANG_ENABLE_OBJC_WEAK = YES;
				CLANG_WARN_BLOCK_CAPTURE_AUTORELEASING = YES;
				CLANG_WARN_BOOL_CONVERSION = YES;
				CLANG_WARN_COMMA = YES;
				CLANG_WARN_CONSTANT_CONVERSION = YES;
				CLANG_WARN_DEPRECATED_OBJC_IMPLEMENTATIONS = YES;
				CLANG_WARN_DIRECT_OBJC_ISA_USAGE = YES_ERROR;
				CLANG_WARN_DOCUMENTATION_COMMENTS = YES;
				CLANG_WARN_EMPTY_BODY = YES;
				CLANG_WARN_ENUM_CONVERSION = YES;
				CLANG_WARN_INFINITE_RECURSION = YES;
				CLANG_WARN_INT_CONVERSION = YES;
				CLANG_WARN_NON_LITERAL_NULL_CONVERSION = YES;
				CLANG_WARN_OBJC_IMPLICIT_RETAIN_SELF = YES;
				CLANG_WARN_OBJC_LITERAL_CONVERSION = YES;
				CLANG_WARN_OBJC_ROOT_CLASS = YES_ERROR;
				CLANG_WARN_QUOTED_INCLUDE_IN_FRAMEWORK_HEADER = YES;
				CLANG_WARN_RANGE_LOOP_ANALYSIS = YES;
				CLANG_WARN_STRICT_PROTOTYPES = YES;
				CLANG_WARN_SUSPICIOUS_MOVE = YES;
				CLANG_WARN_UNGUARDED_AVAILABILITY = YES_AGGRESSIVE;
				CLANG_WARN_UNREACHABLE_CODE = YES;
				CLANG_WARN__DUPLICATE_METHOD_MATCH = YES;
				COPY_PHASE_STRIP = NO;
				DEBUG_INFORMATION_FORMAT = dwarf;
				ENABLE_STRICT_OBJC_MSGSEND = YES;
				ENABLE_TESTABILITY = YES;
				GCC_C_LANGUAGE_STANDARD = gnu11;
				GCC_DYNAMIC_NO_PIC = NO;
				GCC_NO_COMMON_BLOCKS = YES;
				GCC_OPTIMIZATION_LEVEL = 0;
				GCC_PREPROCESSOR_DEFINITIONS = (
					"DEBUG=1",
					"$(inherited)",
				);
				GCC_WARN_64_TO_32_BIT_CONVERSION = YES;
				GCC_WARN_ABOUT_RETURN_TYPE = YES_ERROR;
				GCC_WARN_UNDECLARED_SELECTOR = YES;
				GCC_WARN_UNINITIALIZED_AUTOS = YES_AGGRESSIVE;
				GCC_WARN_UNUSED_FUNCTION = YES;
				GCC_WARN_UNUSED_VARIABLE = YES;
				IPHONEOS_DEPLOYMENT_TARGET = 15.5;
				MTL_ENABLE_DEBUG_INFO = INCLUDE_SOURCE;
				MTL_FAST_MATH = YES;
				ONLY_ACTIVE_ARCH = YES;
				SDKROOT = iphoneos;
				SWIFT_ACTIVE_COMPILATION_CONDITIONS = DEBUG;
				SWIFT_OPTIMIZATION_LEVEL = "-Onone";
			};
			name = Debug;
		};
		68C86AC1292B5C5E00AE8EED /* Release */ = {
			isa = XCBuildConfiguration;
			buildSettings = {
				ALWAYS_SEARCH_USER_PATHS = NO;
				CLANG_ANALYZER_NONNULL = YES;
				CLANG_ANALYZER_NUMBER_OBJECT_CONVERSION = YES_AGGRESSIVE;
				CLANG_CXX_LANGUAGE_STANDARD = "gnu++17";
				CLANG_ENABLE_MODULES = YES;
				CLANG_ENABLE_OBJC_ARC = YES;
				CLANG_ENABLE_OBJC_WEAK = YES;
				CLANG_WARN_BLOCK_CAPTURE_AUTORELEASING = YES;
				CLANG_WARN_BOOL_CONVERSION = YES;
				CLANG_WARN_COMMA = YES;
				CLANG_WARN_CONSTANT_CONVERSION = YES;
				CLANG_WARN_DEPRECATED_OBJC_IMPLEMENTATIONS = YES;
				CLANG_WARN_DIRECT_OBJC_ISA_USAGE = YES_ERROR;
				CLANG_WARN_DOCUMENTATION_COMMENTS = YES;
				CLANG_WARN_EMPTY_BODY = YES;
				CLANG_WARN_ENUM_CONVERSION = YES;
				CLANG_WARN_INFINITE_RECURSION = YES;
				CLANG_WARN_INT_CONVERSION = YES;
				CLANG_WARN_NON_LITERAL_NULL_CONVERSION = YES;
				CLANG_WARN_OBJC_IMPLICIT_RETAIN_SELF = YES;
				CLANG_WARN_OBJC_LITERAL_CONVERSION = YES;
				CLANG_WARN_OBJC_ROOT_CLASS = YES_ERROR;
				CLANG_WARN_QUOTED_INCLUDE_IN_FRAMEWORK_HEADER = YES;
				CLANG_WARN_RANGE_LOOP_ANALYSIS = YES;
				CLANG_WARN_STRICT_PROTOTYPES = YES;
				CLANG_WARN_SUSPICIOUS_MOVE = YES;
				CLANG_WARN_UNGUARDED_AVAILABILITY = YES_AGGRESSIVE;
				CLANG_WARN_UNREACHABLE_CODE = YES;
				CLANG_WARN__DUPLICATE_METHOD_MATCH = YES;
				COPY_PHASE_STRIP = NO;
				DEBUG_INFORMATION_FORMAT = "dwarf-with-dsym";
				ENABLE_NS_ASSERTIONS = NO;
				ENABLE_STRICT_OBJC_MSGSEND = YES;
				GCC_C_LANGUAGE_STANDARD = gnu11;
				GCC_NO_COMMON_BLOCKS = YES;
				GCC_WARN_64_TO_32_BIT_CONVERSION = YES;
				GCC_WARN_ABOUT_RETURN_TYPE = YES_ERROR;
				GCC_WARN_UNDECLARED_SELECTOR = YES;
				GCC_WARN_UNINITIALIZED_AUTOS = YES_AGGRESSIVE;
				GCC_WARN_UNUSED_FUNCTION = YES;
				GCC_WARN_UNUSED_VARIABLE = YES;
				IPHONEOS_DEPLOYMENT_TARGET = 15.5;
				MTL_ENABLE_DEBUG_INFO = NO;
				MTL_FAST_MATH = YES;
				SDKROOT = iphoneos;
				SWIFT_COMPILATION_MODE = wholemodule;
				SWIFT_OPTIMIZATION_LEVEL = "-O";
				VALIDATE_PRODUCT = YES;
			};
			name = Release;
		};
		68C86AC3292B5C5E00AE8EED /* Debug */ = {
			isa = XCBuildConfiguration;
			buildSettings = {
				ASSETCATALOG_COMPILER_APPICON_NAME = AppIcon;
				ASSETCATALOG_COMPILER_GLOBAL_ACCENT_COLOR_NAME = AccentColor;
				CODE_SIGN_STYLE = Automatic;
				CURRENT_PROJECT_VERSION = 1;
				GENERATE_INFOPLIST_FILE = YES;
				INFOPLIST_FILE = BmiJSB/Info.plist;
				INFOPLIST_KEY_UIApplicationSupportsIndirectInputEvents = YES;
				INFOPLIST_KEY_UILaunchStoryboardName = LaunchScreen;
				INFOPLIST_KEY_UIMainStoryboardFile = Main;
				INFOPLIST_KEY_UISupportedInterfaceOrientations_iPad = "UIInterfaceOrientationPortrait UIInterfaceOrientationPortraitUpsideDown UIInterfaceOrientationLandscapeLeft UIInterfaceOrientationLandscapeRight";
				INFOPLIST_KEY_UISupportedInterfaceOrientations_iPhone = "UIInterfaceOrientationPortrait UIInterfaceOrientationLandscapeLeft UIInterfaceOrientationLandscapeRight";
				LD_RUNPATH_SEARCH_PATHS = (
					"$(inherited)",
					"@executable_path/Frameworks",
				);
				MARKETING_VERSION = 1.0;
				PRODUCT_BUNDLE_IDENTIFIER = kr.ac.induk.lyh.BmiJSB;
				PRODUCT_NAME = "$(TARGET_NAME)";
				SWIFT_EMIT_LOC_STRINGS = YES;
				SWIFT_VERSION = 5.0;
				TARGETED_DEVICE_FAMILY = "1,2";
			};
			name = Debug;
		};
		68C86AC4292B5C5E00AE8EED /* Release */ = {
			isa = XCBuildConfiguration;
			buildSettings = {
				ASSETCATALOG_COMPILER_APPICON_NAME = AppIcon;
				ASSETCATALOG_COMPILER_GLOBAL_ACCENT_COLOR_NAME = AccentColor;
				CODE_SIGN_STYLE = Automatic;
				CURRENT_PROJECT_VERSION = 1;
				GENERATE_INFOPLIST_FILE = YES;
				INFOPLIST_FILE = BmiJSB/Info.plist;
				INFOPLIST_KEY_UIApplicationSupportsIndirectInputEvents = YES;
				INFOPLIST_KEY_UILaunchStoryboardName = LaunchScreen;
				INFOPLIST_KEY_UIMainStoryboardFile = Main;
				INFOPLIST_KEY_UISupportedInterfaceOrientations_iPad = "UIInterfaceOrientationPortrait UIInterfaceOrientationPortraitUpsideDown UIInterfaceOrientationLandscapeLeft UIInterfaceOrientationLandscapeRight";
				INFOPLIST_KEY_UISupportedInterfaceOrientations_iPhone = "UIInterfaceOrientationPortrait UIInterfaceOrientationLandscapeLeft UIInterfaceOrientationLandscapeRight";
				LD_RUNPATH_SEARCH_PATHS = (
					"$(inherited)",
					"@executable_path/Frameworks",
				);
				MARKETING_VERSION = 1.0;
				PRODUCT_BUNDLE_IDENTIFIER = kr.ac.induk.lyh.BmiJSB;
				PRODUCT_NAME = "$(TARGET_NAME)";
				SWIFT_EMIT_LOC_STRINGS = YES;
				SWIFT_VERSION = 5.0;
				TARGETED_DEVICE_FAMILY = "1,2";
			};
			name = Release;
		};
/* End XCBuildConfiguration section */

/* Begin XCConfigurationList section */
		68C86AA9292B5C5B00AE8EED /* Build configuration list for PBXProject "BmiJSB" */ = {
			isa = XCConfigurationList;
			buildConfigurations = (
				68C86AC0292B5C5E00AE8EED /* Debug */,
				68C86AC1292B5C5E00AE8EED /* Release */,
			);
			defaultConfigurationIsVisible = 0;
			defaultConfigurationName = Release;
		};
		68C86AC2292B5C5E00AE8EED /* Build configuration list for PBXNativeTarget "BmiJSB" */ = {
			isa = XCConfigurationList;
			buildConfigurations = (
				68C86AC3292B5C5E00AE8EED /* Debug */,
				68C86AC4292B5C5E00AE8EED /* Release */,
			);
			defaultConfigurationIsVisible = 0;
			defaultConfigurationName = Release;
		};
/* End XCConfigurationList section */
	};
	rootObject = 68C86AA6292B5C5B00AE8EED /* Project object */;
}
